
Microsoft Visual Studio Solution File, Format Version 12.00
# Visual Studio Version 16
VisualStudioVersion = 16.0.30204.135
MinimumVisualStudioVersion = 10.0.40219.1
Project("{FAE04EC0-301F-11D3-BF4B-00C04F79EFBC}") = "kmcmvc", "kmcmvc\kmcmvc.csproj", "{C6181385-F874-406D-8DC9-3DC0D8C79414}"
EndProject
Global
	GlobalSection(SolutionConfigurationPlatforms) = preSolution
		Debug|Any CPU = Debug|Any CPU
		Release|Any CPU = Release|Any CPU
	EndGlobalSection
	GlobalSection(ProjectConfigurationPlatforms) = postSolution
		{C6181385-F874-406D-8DC9-3DC0D8C79414}.Debug|Any CPU.ActiveCfg = Debug|Any CPU
		{C6181385-F874-406D-8DC9-3DC0D8C79414}.Debug|Any CPU.Build.0 = Debug|Any CPU
		{C6181385-F874-406D-8DC9-3DC0D8C79414}.Release|Any CPU.ActiveCfg = Release|Any CPU
		{C6181385-F874-406D-8DC9-3DC0D8C79414}.Release|Any CPU.Build.0 = Release|Any CPU
	EndGlobalSection
	GlobalSection(SolutionProperties) = preSolution
		HideSolutionNode = FALSE
	EndGlobalSection
	GlobalSection(ExtensibilityGlobals) = postSolution
		SolutionGuid = {309AF98F-9504-4D2D-9BAE-E4AA5F610783}
	EndGlobalSection
EndGlobal
